
Microsoft Visual Studio Solution File, Format Version 12.00
# Visual Studio Version 17
VisualStudioVersion = 17.14.36301.6 d17.14
MinimumVisualStudioVersion = 10.0.40219.1
Project("{FAE04EC0-301F-11D3-BF4B-00C04F79EFBC}") = "tool", "tool\tool.csproj", "{59652CF7-9999-4F3F-B7D1-6F477A1007FE}"
EndProject
Global
	GlobalSection(SolutionConfigurationPlatforms) = preSolution
		Debug|Any CPU = Debug|Any CPU
		Release|Any CPU = Release|Any CPU
	EndGlobalSection
	GlobalSection(ProjectConfigurationPlatforms) = postSolution
		{59652CF7-9999-4F3F-B7D1-6F477A1007FE}.Debug|Any CPU.ActiveCfg = Debug|Any CPU
		{59652CF7-9999-4F3F-B7D1-6F477A1007FE}.Debug|Any CPU.Build.0 = Debug|Any CPU
		{59652CF7-9999-4F3F-B7D1-6F477A1007FE}.Release|Any CPU.ActiveCfg = Release|Any CPU
		{59652CF7-9999-4F3F-B7D1-6F477A1007FE}.Release|Any CPU.Build.0 = Release|Any CPU
	EndGlobalSection
	GlobalSection(SolutionProperties) = preSolution
		HideSolutionNode = FALSE
	EndGlobalSection
	GlobalSection(ExtensibilityGlobals) = postSolution
		SolutionGuid = {D146D410-09E7-439E-BED5-2B27E82AB60D}
	EndGlobalSection
EndGlobal
